Microsoft Visual Studio Solution File, Format Version 11.00
# Visual Studio 2008

Project("{DB7A5F45-A0A8-6435-500F-D13FE5FF6D47}") = "MonPoke2", "Assembly-CSharp-firstpass.csproj", "{4A730557-70CD-E19F-BB7F-FD4C02747591}"
EndProject
Project("{DB7A5F45-A0A8-6435-500F-D13FE5FF6D47}") = "MonPoke2", "Assembly-CSharp.csproj", "{A6EBB4EB-F94B-D07D-0F38-08D25ACDA21B}"
EndProject
Project("{DB7A5F45-A0A8-6435-500F-D13FE5FF6D47}") = "MonPoke2", "Assembly-CSharp-Editor.csproj", "{41A316F6-A78F-9D5D-C2D9-29156E5183C5}"
EndProject
Global
	GlobalSection(SolutionConfigurationPlatforms) = preSolution
		Debug|Any CPU = Debug|Any CPU
		Release|Any CPU = Release|Any CPU
	EndGlobalSection
	GlobalSection(ProjectConfigurationPlatforms) = postSolution
		{4A730557-70CD-E19F-BB7F-FD4C02747591}.Debug|Any CPU.ActiveCfg = Debug|Any CPU
		{4A730557-70CD-E19F-BB7F-FD4C02747591}.Debug|Any CPU.Build.0 = Debug|Any CPU
		{4A730557-70CD-E19F-BB7F-FD4C02747591}.Release|Any CPU.ActiveCfg = Release|Any CPU
		{4A730557-70CD-E19F-BB7F-FD4C02747591}.Release|Any CPU.Build.0 = Release|Any CPU
		{A6EBB4EB-F94B-D07D-0F38-08D25ACDA21B}.Debug|Any CPU.ActiveCfg = Debug|Any CPU
		{A6EBB4EB-F94B-D07D-0F38-08D25ACDA21B}.Debug|Any CPU.Build.0 = Debug|Any CPU
		{A6EBB4EB-F94B-D07D-0F38-08D25ACDA21B}.Release|Any CPU.ActiveCfg = Release|Any CPU
		{A6EBB4EB-F94B-D07D-0F38-08D25ACDA21B}.Release|Any CPU.Build.0 = Release|Any CPU
		{41A316F6-A78F-9D5D-C2D9-29156E5183C5}.Debug|Any CPU.ActiveCfg = Debug|Any CPU
		{41A316F6-A78F-9D5D-C2D9-29156E5183C5}.Debug|Any CPU.Build.0 = Debug|Any CPU
		{41A316F6-A78F-9D5D-C2D9-29156E5183C5}.Release|Any CPU.ActiveCfg = Release|Any CPU
		{41A316F6-A78F-9D5D-C2D9-29156E5183C5}.Release|Any CPU.Build.0 = Release|Any CPU
	EndGlobalSection
	GlobalSection(SolutionProperties) = preSolution
		HideSolutionNode = FALSE
	EndGlobalSection
	GlobalSection(MonoDevelopProperties) = preSolution
		StartupItem = Assembly-CSharp.csproj
	EndGlobalSection
EndGlobal
